
Microsoft Visual Studio Solution File, Format Version 12.00
# Visual Studio Version 17
VisualStudioVersion = 17.8.34525.116
MinimumVisualStudioVersion = 10.0.40219.1
Project("{2150E333-8FDC-42A3-9474-1A3956D46DE8}") = "Data", "Data", "{B7664AD8-55BE-48EC-B816-A76FD9584B78}"
EndProject
Project("{2150E333-8FDC-42A3-9474-1A3956D46DE8}") = "Services", "Services", "{C8CB1CFB-A3A2-41C4-AEEC-26DBF765B4C5}"
EndProject
Project("{2150E333-8FDC-42A3-9474-1A3956D46DE8}") = "Shared", "Shared", "{24938363-157D-41A2-88DE-8E8646D29417}"
EndProject
Project("{2150E333-8FDC-42A3-9474-1A3956D46DE8}") = "Systems", "Systems", "{5174997B-06E5-487D-B977-1AA302BACB0D}"
EndProject
Project("{2150E333-8FDC-42A3-9474-1A3956D46DE8}") = "Tests", "Tests", "{B6880CE0-F757-46E1-A6A7-405061B9CB86}"
EndProject
Project("{2150E333-8FDC-42A3-9474-1A3956D46DE8}") = "Api", "Api", "{00E38792-7D35-4662-AD76-C3677242AA03}"
EndProject
Project("{2150E333-8FDC-42A3-9474-1A3956D46DE8}") = "Web", "Web", "{719892B5-8F71-4BA4-A517-80EDD67D7394}"
EndProject
Project("{2150E333-8FDC-42A3-9474-1A3956D46DE8}") = "Workers", "Workers", "{D220FED2-2BD0-4A65-B076-8D962E588564}"
EndProject
Project("{9A19103F-16F7-4668-BE54-9A1E7A4F7556}") = "CulinaryRecipes.Services.Logger", "Services\CulinaryRecipes.Services.Logger\CulinaryRecipes.Services.Logger.csproj", "{32226270-F651-47B4-AC7C-A63AA7534E6F}"
EndProject
Project("{9A19103F-16F7-4668-BE54-9A1E7A4F7556}") = "CulinaryRecipes.Services.Settings", "Services\CulinaryRecipes.Services.Settings\CulinaryRecipes.Services.Settings.csproj", "{F20B9939-D52E-4329-9491-06A5F1541948}"
EndProject
Project("{9A19103F-16F7-4668-BE54-9A1E7A4F7556}") = "CulinaryRecipes.Api", "Systems\Api\CulinaryRecipes.Api\CulinaryRecipes.Api.csproj", "{5316DD9D-EDF3-4447-982F-28AA6E8357B6}"
EndProject
Project("{9A19103F-16F7-4668-BE54-9A1E7A4F7556}") = "CulinaryRecipes.Api.Settings", "Systems\Api\CulinaryRecipes.Api.Settings\CulinaryRecipes.Api.Settings.csproj", "{C930FA04-40BA-47F2-B094-BDB06BC68093}"
EndProject
Project("{9A19103F-16F7-4668-BE54-9A1E7A4F7556}") = "CulinaryRecipes.Common", "Shared\CulinaryRecipes.Common\CulinaryRecipes.Common.csproj", "{7A4C2CCC-D9CF-4C2C-B404-8AB637C52B65}"
EndProject
Project("{9A19103F-16F7-4668-BE54-9A1E7A4F7556}") = "CulinaryRecipes.Context.Entities", "Data\CulinaryRecipes.Context.Entities\CulinaryRecipes.Context.Entities.csproj", "{0C564171-4A07-4C42-BE32-9927C63D9802}"
EndProject
Project("{9A19103F-16F7-4668-BE54-9A1E7A4F7556}") = "CulinaryRecipes.Context.Seeder", "Data\CulinaryRecipes.Context.Seeder\CulinaryRecipes.Context.Seeder.csproj", "{5AF10E92-7047-438F-9CDD-B54346AE9E7E}"
EndProject
Project("{9A19103F-16F7-4668-BE54-9A1E7A4F7556}") = "CulinaryRecipes.Context", "Data\CulinaryRecipes.Context\CulinaryRecipes.Context.csproj", "{64B97020-B336-4873-ADD0-6A75C1401EB9}"
EndProject
Project("{2150E333-8FDC-42A3-9474-1A3956D46DE8}") = "Migrations", "Migrations", "{916F722A-77AE-410D-BC2D-19A8E2314DFF}"
EndProject
Project("{9A19103F-16F7-4668-BE54-9A1E7A4F7556}") = "CulinaryRecipes.Services.Ingredients", "Services\CulinaryRecipes.Ingredients\CulinaryRecipes.Services.Ingredients.csproj", "{69075999-06B3-4D6D-8AF4-6F8D6390BE4E}"
EndProject
Project("{2150E333-8FDC-42A3-9474-1A3956D46DE8}") = "_docker", "_docker", "{B2E043EF-D272-4958-BC30-91050176995E}"
	ProjectSection(SolutionItems) = preProject
		.dockerignore = .dockerignore
		docker-compose.override.yml = docker-compose.override.yml
		docker-compose.yml = docker-compose.yml
		env.api = env.api
		env.emailsenderworker = env.emailsenderworker
		env.identity = env.identity
		env.recipesubscriptionemailsenderworker = env.recipesubscriptionemailsenderworker
		env.usersubscriptionemailsenderworker = env.usersubscriptionemailsenderworker
	EndProjectSection
EndProject
Project("{2150E333-8FDC-42A3-9474-1A3956D46DE8}") = "Identity", "Identity", "{AD4449BD-6636-4FE0-A0A3-D77ED66E1D8D}"
EndProject
Project("{9A19103F-16F7-4668-BE54-9A1E7A4F7556}") = "CulinaryRecipes.Identity", "Systems\Identity\CulinaryRecipes.Identity\CulinaryRecipes.Identity.csproj", "{CF5B8E88-71B2-4BF3-A94F-9AECE4BF14C8}"
EndProject
Project("{9A19103F-16F7-4668-BE54-9A1E7A4F7556}") = "CulinaryRecipes.Services.UserAccounts", "Services\CulinaryRecipes.Services.UserAccounts\CulinaryRecipes.Services.UserAccounts.csproj", "{63E9D000-273F-43E2-B916-F21A7DFC8AB9}"
EndProject
Project("{9A19103F-16F7-4668-BE54-9A1E7A4F7556}") = "CulinaryRecipes.Services.EmailSender", "Services\CulinaryRecipes.Services.EmailSender\CulinaryRecipes.Services.EmailSender.csproj", "{05EA4C41-0B45-4439-8FB2-F3D33EE99F33}"
EndProject
Project("{9A19103F-16F7-4668-BE54-9A1E7A4F7556}") = "CulinaryRecipes.Services.RabbitMq", "Services\CulinaryRecipes.Services.RabbitMq\CulinaryRecipes.Services.RabbitMq.csproj", "{9E7FCB03-6FDA-43AD-A08B-6BF898AB8E3B}"
EndProject
Project("{9A19103F-16F7-4668-BE54-9A1E7A4F7556}") = "CulinaryRecipes.Services.Actions", "Services\CulinaryRecipes.Services.Actions\CulinaryRecipes.Services.Actions.csproj", "{8F4BB755-F511-4496-92FE-241E5267F859}"
EndProject
Project("{2150E333-8FDC-42A3-9474-1A3956D46DE8}") = "EmailSenderWorker", "EmailSenderWorker", "{9F364D6B-0D72-4555-9DFA-9B5180483C9B}"
EndProject
Project("{9A19103F-16F7-4668-BE54-9A1E7A4F7556}") = "CulinaryRecipes.Workers.EmailSenderWorker", "Systems\Workers\CulinaryRecipes.Workers.EmailSenderWorker\CulinaryRecipes.Workers.EmailSenderWorker.csproj", "{24C3CBBB-3CDE-4E92-825C-3364D3489EF8}"
EndProject
Project("{9A19103F-16F7-4668-BE54-9A1E7A4F7556}") = "CulinaryRecipes.Services.Cache", "Services\CulinaryRecipes.Services.Cache\CulinaryRecipes.Services.Cache.csproj", "{35FA8D19-59A7-47AD-92B7-86F221BDF3CC}"
EndProject
Project("{9A19103F-16F7-4668-BE54-9A1E7A4F7556}") = "CulinaryRecipes.Services.Categories", "Services\CulinaryRecipes.Services.Categories\CulinaryRecipes.Services.Categories.csproj", "{6A842B7E-8939-420E-A1D9-639F3F49B582}"
EndProject
Project("{9A19103F-16F7-4668-BE54-9A1E7A4F7556}") = "CulinaryRecipes.Services.Recipes", "Services\CulinaryRecipes.Services.Recipes\CulinaryRecipes.Services.Recipes.csproj", "{8735362B-2B9E-423D-A784-13D2F3B0E847}"
EndProject
Project("{9A19103F-16F7-4668-BE54-9A1E7A4F7556}") = "CulinaryRecipes.Context.Migrations.PgSQL", "Data\CulinaryRecipes.Context.Migrations\CulinaryRecipes.Context.Migrations.PgSQL\CulinaryRecipes.Context.Migrations.PgSQL.csproj", "{45A65414-D1E8-4AFC-9604-88D027DFCBB1}"
EndProject
Project("{9A19103F-16F7-4668-BE54-9A1E7A4F7556}") = "CulinaryRecipes.Context.Migrations.MSSQL", "Data\CulinaryRecipes.Context.Migrations\CulinaryRecipes.Context.Migrations.MSSQL\CulinaryRecipes.Context.Migrations.MSSQL\CulinaryRecipes.Context.Migrations.MSSQL.csproj", "{39767FE5-9F43-4C15-A775-33AE7DABCAB7}"
EndProject
Project("{9A19103F-16F7-4668-BE54-9A1E7A4F7556}") = "CulinaryRecipes.Services.Comments", "Services\CulinaryRecipes.Services.Comments\CulinaryRecipes.Services.Comments.csproj", "{D4CC529D-5675-4EEE-9EDC-C265D2396830}"
EndProject
Project("{9A19103F-16F7-4668-BE54-9A1E7A4F7556}") = "CulinaryRecipes.Services.Subscriptions", "Services\CulinaryRecipes.Services.Subscriptions\CulinaryRecipes.Services.Subscriptions.csproj", "{F5A08A55-0EA1-4C54-8DD7-3782C4E7D01C}"
EndProject
Project("{2150E333-8FDC-42A3-9474-1A3956D46DE8}") = "UserSubscriptionEmailSenderWorker", "UserSubscriptionEmailSenderWorker", "{247F69E4-8175-4B35-86E0-C51D36856525}"
EndProject
Project("{9A19103F-16F7-4668-BE54-9A1E7A4F7556}") = "CulinaryRecipes.Workers.UserSubscriptionEmailSenderWorker", "Systems\Workers\CulinaryRecipes.Workers.UserSubscriptionEmailSenderWorker\CulinaryRecipes.Workers.UserSubscriptionEmailSenderWorker.csproj", "{7A1B1811-FF17-4190-A17A-27D310FA5732}"
EndProject
Project("{2150E333-8FDC-42A3-9474-1A3956D46DE8}") = "RecipeSubscriptionEmailSenderWorker", "RecipeSubscriptionEmailSenderWorker", "{59750B9A-6F54-44D2-BDED-BBB5C4EF4238}"
EndProject
Project("{9A19103F-16F7-4668-BE54-9A1E7A4F7556}") = "CulinaryRecipes.Workers.RecipeSubscriptionEmailSenderWorker", "Systems\Workers\CulinaryRecipes.Workers.RecipeSubscriptionEmailSenderWorker\CulinaryRecipes.Workers.RecipeSubscriptionEmailSenderWorker.csproj", "{F9B5EB51-36A7-4C4E-93C9-D1712F0C2795}"
EndProject
Global
	GlobalSection(SolutionConfigurationPlatforms) = preSolution
		Debug|Any CPU = Debug|Any CPU
		Release|Any CPU = Release|Any CPU
	EndGlobalSection
	GlobalSection(ProjectConfigurationPlatforms) = postSolution
		{32226270-F651-47B4-AC7C-A63AA7534E6F}.Debug|Any CPU.ActiveCfg = Debug|Any CPU
		{32226270-F651-47B4-AC7C-A63AA7534E6F}.Debug|Any CPU.Build.0 = Debug|Any CPU
		{32226270-F651-47B4-AC7C-A63AA7534E6F}.Release|Any CPU.ActiveCfg = Release|Any CPU
		{32226270-F651-47B4-AC7C-A63AA7534E6F}.Release|Any CPU.Build.0 = Release|Any CPU
		{F20B9939-D52E-4329-9491-06A5F1541948}.Debug|Any CPU.ActiveCfg = Debug|Any CPU
		{F20B9939-D52E-4329-9491-06A5F1541948}.Debug|Any CPU.Build.0 = Debug|Any CPU
		{F20B9939-D52E-4329-9491-06A5F1541948}.Release|Any CPU.ActiveCfg = Release|Any CPU
		{F20B9939-D52E-4329-9491-06A5F1541948}.Release|Any CPU.Build.0 = Release|Any CPU
		{5316DD9D-EDF3-4447-982F-28AA6E8357B6}.Debug|Any CPU.ActiveCfg = Debug|Any CPU
		{5316DD9D-EDF3-4447-982F-28AA6E8357B6}.Debug|Any CPU.Build.0 = Debug|Any CPU
		{5316DD9D-EDF3-4447-982F-28AA6E8357B6}.Release|Any CPU.ActiveCfg = Release|Any CPU
		{5316DD9D-EDF3-4447-982F-28AA6E8357B6}.Release|Any CPU.Build.0 = Release|Any CPU
		{C930FA04-40BA-47F2-B094-BDB06BC68093}.Debug|Any CPU.ActiveCfg = Debug|Any CPU
		{C930FA04-40BA-47F2-B094-BDB06BC68093}.Debug|Any CPU.Build.0 = Debug|Any CPU
		{C930FA04-40BA-47F2-B094-BDB06BC68093}.Release|Any CPU.ActiveCfg = Release|Any CPU
		{C930FA04-40BA-47F2-B094-BDB06BC68093}.Release|Any CPU.Build.0 = Release|Any CPU
		{7A4C2CCC-D9CF-4C2C-B404-8AB637C52B65}.Debug|Any CPU.ActiveCfg = Debug|Any CPU
		{7A4C2CCC-D9CF-4C2C-B404-8AB637C52B65}.Debug|Any CPU.Build.0 = Debug|Any CPU
		{7A4C2CCC-D9CF-4C2C-B404-8AB637C52B65}.Release|Any CPU.ActiveCfg = Release|Any CPU
		{7A4C2CCC-D9CF-4C2C-B404-8AB637C52B65}.Release|Any CPU.Build.0 = Release|Any CPU
		{0C564171-4A07-4C42-BE32-9927C63D9802}.Debug|Any CPU.ActiveCfg = Debug|Any CPU
		{0C564171-4A07-4C42-BE32-9927C63D9802}.Debug|Any CPU.Build.0 = Debug|Any CPU
		{0C564171-4A07-4C42-BE32-9927C63D9802}.Release|Any CPU.ActiveCfg = Release|Any CPU
		{0C564171-4A07-4C42-BE32-9927C63D9802}.Release|Any CPU.Build.0 = Release|Any CPU
		{5AF10E92-7047-438F-9CDD-B54346AE9E7E}.Debug|Any CPU.ActiveCfg = Debug|Any CPU
		{5AF10E92-7047-438F-9CDD-B54346AE9E7E}.Debug|Any CPU.Build.0 = Debug|Any CPU
		{5AF10E92-7047-438F-9CDD-B54346AE9E7E}.Release|Any CPU.ActiveCfg = Release|Any CPU
		{5AF10E92-7047-438F-9CDD-B54346AE9E7E}.Release|Any CPU.Build.0 = Release|Any CPU
		{64B97020-B336-4873-ADD0-6A75C1401EB9}.Debug|Any CPU.ActiveCfg = Debug|Any CPU
		{64B97020-B336-4873-ADD0-6A75C1401EB9}.Debug|Any CPU.Build.0 = Debug|Any CPU
		{64B97020-B336-4873-ADD0-6A75C1401EB9}.Release|Any CPU.ActiveCfg = Release|Any CPU
		{64B97020-B336-4873-ADD0-6A75C1401EB9}.Release|Any CPU.Build.0 = Release|Any CPU
		{69075999-06B3-4D6D-8AF4-6F8D6390BE4E}.Debug|Any CPU.ActiveCfg = Debug|Any CPU
		{69075999-06B3-4D6D-8AF4-6F8D6390BE4E}.Debug|Any CPU.Build.0 = Debug|Any CPU
		{69075999-06B3-4D6D-8AF4-6F8D6390BE4E}.Release|Any CPU.ActiveCfg = Release|Any CPU
		{69075999-06B3-4D6D-8AF4-6F8D6390BE4E}.Release|Any CPU.Build.0 = Release|Any CPU
		{CF5B8E88-71B2-4BF3-A94F-9AECE4BF14C8}.Debug|Any CPU.ActiveCfg = Debug|Any CPU
		{CF5B8E88-71B2-4BF3-A94F-9AECE4BF14C8}.Debug|Any CPU.Build.0 = Debug|Any CPU
		{CF5B8E88-71B2-4BF3-A94F-9AECE4BF14C8}.Release|Any CPU.ActiveCfg = Release|Any CPU
		{CF5B8E88-71B2-4BF3-A94F-9AECE4BF14C8}.Release|Any CPU.Build.0 = Release|Any CPU
		{63E9D000-273F-43E2-B916-F21A7DFC8AB9}.Debug|Any CPU.ActiveCfg = Debug|Any CPU
		{63E9D000-273F-43E2-B916-F21A7DFC8AB9}.Debug|Any CPU.Build.0 = Debug|Any CPU
		{63E9D000-273F-43E2-B916-F21A7DFC8AB9}.Release|Any CPU.ActiveCfg = Release|Any CPU
		{63E9D000-273F-43E2-B916-F21A7DFC8AB9}.Release|Any CPU.Build.0 = Release|Any CPU
		{05EA4C41-0B45-4439-8FB2-F3D33EE99F33}.Debug|Any CPU.ActiveCfg = Debug|Any CPU
		{05EA4C41-0B45-4439-8FB2-F3D33EE99F33}.Debug|Any CPU.Build.0 = Debug|Any CPU
		{05EA4C41-0B45-4439-8FB2-F3D33EE99F33}.Release|Any CPU.ActiveCfg = Release|Any CPU
		{05EA4C41-0B45-4439-8FB2-F3D33EE99F33}.Release|Any CPU.Build.0 = Release|Any CPU
		{9E7FCB03-6FDA-43AD-A08B-6BF898AB8E3B}.Debug|Any CPU.ActiveCfg = Debug|Any CPU
		{9E7FCB03-6FDA-43AD-A08B-6BF898AB8E3B}.Debug|Any CPU.Build.0 = Debug|Any CPU
		{9E7FCB03-6FDA-43AD-A08B-6BF898AB8E3B}.Release|Any CPU.ActiveCfg = Release|Any CPU
		{9E7FCB03-6FDA-43AD-A08B-6BF898AB8E3B}.Release|Any CPU.Build.0 = Release|Any CPU
		{8F4BB755-F511-4496-92FE-241E5267F859}.Debug|Any CPU.ActiveCfg = Debug|Any CPU
		{8F4BB755-F511-4496-92FE-241E5267F859}.Debug|Any CPU.Build.0 = Debug|Any CPU
		{8F4BB755-F511-4496-92FE-241E5267F859}.Release|Any CPU.ActiveCfg = Release|Any CPU
		{8F4BB755-F511-4496-92FE-241E5267F859}.Release|Any CPU.Build.0 = Release|Any CPU
		{24C3CBBB-3CDE-4E92-825C-3364D3489EF8}.Debug|Any CPU.ActiveCfg = Debug|Any CPU
		{24C3CBBB-3CDE-4E92-825C-3364D3489EF8}.Debug|Any CPU.Build.0 = Debug|Any CPU
		{24C3CBBB-3CDE-4E92-825C-3364D3489EF8}.Release|Any CPU.ActiveCfg = Release|Any CPU
		{24C3CBBB-3CDE-4E92-825C-3364D3489EF8}.Release|Any CPU.Build.0 = Release|Any CPU
		{35FA8D19-59A7-47AD-92B7-86F221BDF3CC}.Debug|Any CPU.ActiveCfg = Debug|Any CPU
		{35FA8D19-59A7-47AD-92B7-86F221BDF3CC}.Debug|Any CPU.Build.0 = Debug|Any CPU
		{35FA8D19-59A7-47AD-92B7-86F221BDF3CC}.Release|Any CPU.ActiveCfg = Release|Any CPU
		{35FA8D19-59A7-47AD-92B7-86F221BDF3CC}.Release|Any CPU.Build.0 = Release|Any CPU
		{6A842B7E-8939-420E-A1D9-639F3F49B582}.Debug|Any CPU.ActiveCfg = Debug|Any CPU
		{6A842B7E-8939-420E-A1D9-639F3F49B582}.Debug|Any CPU.Build.0 = Debug|Any CPU
		{6A842B7E-8939-420E-A1D9-639F3F49B582}.Release|Any CPU.ActiveCfg = Release|Any CPU
		{6A842B7E-8939-420E-A1D9-639F3F49B582}.Release|Any CPU.Build.0 = Release|Any CPU
		{8735362B-2B9E-423D-A784-13D2F3B0E847}.Debug|Any CPU.ActiveCfg = Debug|Any CPU
		{8735362B-2B9E-423D-A784-13D2F3B0E847}.Debug|Any CPU.Build.0 = Debug|Any CPU
		{8735362B-2B9E-423D-A784-13D2F3B0E847}.Release|Any CPU.ActiveCfg = Release|Any CPU
		{8735362B-2B9E-423D-A784-13D2F3B0E847}.Release|Any CPU.Build.0 = Release|Any CPU
		{45A65414-D1E8-4AFC-9604-88D027DFCBB1}.Debug|Any CPU.ActiveCfg = Debug|Any CPU
		{45A65414-D1E8-4AFC-9604-88D027DFCBB1}.Debug|Any CPU.Build.0 = Debug|Any CPU
		{45A65414-D1E8-4AFC-9604-88D027DFCBB1}.Release|Any CPU.ActiveCfg = Release|Any CPU
		{45A65414-D1E8-4AFC-9604-88D027DFCBB1}.Release|Any CPU.Build.0 = Release|Any CPU
		{39767FE5-9F43-4C15-A775-33AE7DABCAB7}.Debug|Any CPU.ActiveCfg = Debug|Any CPU
		{39767FE5-9F43-4C15-A775-33AE7DABCAB7}.Debug|Any CPU.Build.0 = Debug|Any CPU
		{39767FE5-9F43-4C15-A775-33AE7DABCAB7}.Release|Any CPU.ActiveCfg = Release|Any CPU
		{39767FE5-9F43-4C15-A775-33AE7DABCAB7}.Release|Any CPU.Build.0 = Release|Any CPU
		{D4CC529D-5675-4EEE-9EDC-C265D2396830}.Debug|Any CPU.ActiveCfg = Debug|Any CPU
		{D4CC529D-5675-4EEE-9EDC-C265D2396830}.Debug|Any CPU.Build.0 = Debug|Any CPU
		{D4CC529D-5675-4EEE-9EDC-C265D2396830}.Release|Any CPU.ActiveCfg = Release|Any CPU
		{D4CC529D-5675-4EEE-9EDC-C265D2396830}.Release|Any CPU.Build.0 = Release|Any CPU
		{F5A08A55-0EA1-4C54-8DD7-3782C4E7D01C}.Debug|Any CPU.ActiveCfg = Debug|Any CPU
		{F5A08A55-0EA1-4C54-8DD7-3782C4E7D01C}.Debug|Any CPU.Build.0 = Debug|Any CPU
		{F5A08A55-0EA1-4C54-8DD7-3782C4E7D01C}.Release|Any CPU.ActiveCfg = Release|Any CPU
		{F5A08A55-0EA1-4C54-8DD7-3782C4E7D01C}.Release|Any CPU.Build.0 = Release|Any CPU
		{7A1B1811-FF17-4190-A17A-27D310FA5732}.Debug|Any CPU.ActiveCfg = Debug|Any CPU
		{7A1B1811-FF17-4190-A17A-27D310FA5732}.Debug|Any CPU.Build.0 = Debug|Any CPU
		{7A1B1811-FF17-4190-A17A-27D310FA5732}.Release|Any CPU.ActiveCfg = Release|Any CPU
		{7A1B1811-FF17-4190-A17A-27D310FA5732}.Release|Any CPU.Build.0 = Release|Any CPU
		{F9B5EB51-36A7-4C4E-93C9-D1712F0C2795}.Debug|Any CPU.ActiveCfg = Debug|Any CPU
		{F9B5EB51-36A7-4C4E-93C9-D1712F0C2795}.Debug|Any CPU.Build.0 = Debug|Any CPU
		{F9B5EB51-36A7-4C4E-93C9-D1712F0C2795}.Release|Any CPU.ActiveCfg = Release|Any CPU
		{F9B5EB51-36A7-4C4E-93C9-D1712F0C2795}.Release|Any CPU.Build.0 = Release|Any CPU
	EndGlobalSection
	GlobalSection(SolutionProperties) = preSolution
		HideSolutionNode = FALSE
	EndGlobalSection
	GlobalSection(NestedProjects) = preSolution
		{00E38792-7D35-4662-AD76-C3677242AA03} = {5174997B-06E5-487D-B977-1AA302BACB0D}
		{719892B5-8F71-4BA4-A517-80EDD67D7394} = {5174997B-06E5-487D-B977-1AA302BACB0D}
		{D220FED2-2BD0-4A65-B076-8D962E588564} = {5174997B-06E5-487D-B977-1AA302BACB0D}
		{32226270-F651-47B4-AC7C-A63AA7534E6F} = {C8CB1CFB-A3A2-41C4-AEEC-26DBF765B4C5}
		{F20B9939-D52E-4329-9491-06A5F1541948} = {C8CB1CFB-A3A2-41C4-AEEC-26DBF765B4C5}
		{5316DD9D-EDF3-4447-982F-28AA6E8357B6} = {00E38792-7D35-4662-AD76-C3677242AA03}
		{C930FA04-40BA-47F2-B094-BDB06BC68093} = {00E38792-7D35-4662-AD76-C3677242AA03}
		{7A4C2CCC-D9CF-4C2C-B404-8AB637C52B65} = {24938363-157D-41A2-88DE-8E8646D29417}
		{0C564171-4A07-4C42-BE32-9927C63D9802} = {B7664AD8-55BE-48EC-B816-A76FD9584B78}
		{5AF10E92-7047-438F-9CDD-B54346AE9E7E} = {B7664AD8-55BE-48EC-B816-A76FD9584B78}
		{64B97020-B336-4873-ADD0-6A75C1401EB9} = {B7664AD8-55BE-48EC-B816-A76FD9584B78}
		{916F722A-77AE-410D-BC2D-19A8E2314DFF} = {B7664AD8-55BE-48EC-B816-A76FD9584B78}
		{69075999-06B3-4D6D-8AF4-6F8D6390BE4E} = {C8CB1CFB-A3A2-41C4-AEEC-26DBF765B4C5}
		{AD4449BD-6636-4FE0-A0A3-D77ED66E1D8D} = {5174997B-06E5-487D-B977-1AA302BACB0D}
		{CF5B8E88-71B2-4BF3-A94F-9AECE4BF14C8} = {AD4449BD-6636-4FE0-A0A3-D77ED66E1D8D}
		{63E9D000-273F-43E2-B916-F21A7DFC8AB9} = {C8CB1CFB-A3A2-41C4-AEEC-26DBF765B4C5}
		{05EA4C41-0B45-4439-8FB2-F3D33EE99F33} = {C8CB1CFB-A3A2-41C4-AEEC-26DBF765B4C5}
		{9E7FCB03-6FDA-43AD-A08B-6BF898AB8E3B} = {C8CB1CFB-A3A2-41C4-AEEC-26DBF765B4C5}
		{8F4BB755-F511-4496-92FE-241E5267F859} = {C8CB1CFB-A3A2-41C4-AEEC-26DBF765B4C5}
		{9F364D6B-0D72-4555-9DFA-9B5180483C9B} = {D220FED2-2BD0-4A65-B076-8D962E588564}
		{24C3CBBB-3CDE-4E92-825C-3364D3489EF8} = {9F364D6B-0D72-4555-9DFA-9B5180483C9B}
		{35FA8D19-59A7-47AD-92B7-86F221BDF3CC} = {C8CB1CFB-A3A2-41C4-AEEC-26DBF765B4C5}
		{6A842B7E-8939-420E-A1D9-639F3F49B582} = {C8CB1CFB-A3A2-41C4-AEEC-26DBF765B4C5}
		{8735362B-2B9E-423D-A784-13D2F3B0E847} = {C8CB1CFB-A3A2-41C4-AEEC-26DBF765B4C5}
		{45A65414-D1E8-4AFC-9604-88D027DFCBB1} = {916F722A-77AE-410D-BC2D-19A8E2314DFF}
		{39767FE5-9F43-4C15-A775-33AE7DABCAB7} = {916F722A-77AE-410D-BC2D-19A8E2314DFF}
		{D4CC529D-5675-4EEE-9EDC-C265D2396830} = {C8CB1CFB-A3A2-41C4-AEEC-26DBF765B4C5}
		{F5A08A55-0EA1-4C54-8DD7-3782C4E7D01C} = {C8CB1CFB-A3A2-41C4-AEEC-26DBF765B4C5}
		{247F69E4-8175-4B35-86E0-C51D36856525} = {D220FED2-2BD0-4A65-B076-8D962E588564}
		{7A1B1811-FF17-4190-A17A-27D310FA5732} = {247F69E4-8175-4B35-86E0-C51D36856525}
		{59750B9A-6F54-44D2-BDED-BBB5C4EF4238} = {D220FED2-2BD0-4A65-B076-8D962E588564}
		{F9B5EB51-36A7-4C4E-93C9-D1712F0C2795} = {59750B9A-6F54-44D2-BDED-BBB5C4EF4238}
	EndGlobalSection
	GlobalSection(ExtensibilityGlobals) = postSolution
		SolutionGuid = {42FE4206-6809-4371-971B-ED460E316145}
	EndGlobalSection
EndGlobal
